// !$*UTF8*$!
{
	archiveVersion = 1;
	classes = {
	};
	objectVersion = 48;
	objects = {

/* Begin PBXBuildFile section */
		14A90EB82059B6110050D65C /* AppDelegate.swift in Sources */ = {isa = PBXBuildFile; fileRef = 14A90EB72059B6110050D65C /* AppDelegate.swift */; };
		14A90EBA2059B6110050D65C /* TodoListViewController.swift in Sources */ = {isa = PBXBuildFile; fileRef = 14A90EB92059B6110050D65C /* TodoListViewController.swift */; };
		14A90EBD2059B6110050D65C /* Main.storyboard in Resources */ = {isa = PBXBuildFile; fileRef = 14A90EBB2059B6110050D65C /* Main.storyboard */; };
		14A90EBF2059B6110050D65C /* Assets.xcassets in Resources */ = {isa = PBXBuildFile; fileRef = 14A90EBE2059B6110050D65C /* Assets.xcassets */; };
		14A90EC22059B6110050D65C /* LaunchScreen.storyboard in Resources */ = {isa = PBXBuildFile; fileRef = 14A90EC02059B6110050D65C /* LaunchScreen.storyboard */; };
		14F9CFE2205D447B0019FF9F /* Item.swift in Sources */ = {isa = PBXBuildFile; fileRef = 14F9CFE1205D447B0019FF9F /* Item.swift */; };
/* End PBXBuildFile section */

/* Begin PBXFileReference section */
		14A90EB42059B6110050D65C /* Todoey.app */ = {isa = PBXFileReference; explicitFileType = wrapper.application; includeInIndex = 0; path = Todoey.app; sourceTree = BUILT_PRODUCTS_DIR; };
		14A90EB72059B6110050D65C /* AppDelegate.swift */ = {isa = PBXFileReference; lastKnownFileType = sourcecode.swift; path = AppDelegate.swift; sourceTree = "<group>"; };
		14A90EB92059B6110050D65C /* TodoListViewController.swift */ = {isa = PBXFileReference; lastKnownFileType = sourcecode.swift; path = TodoListViewController.swift; sourceTree = "<group>"; };
		14A90EBC2059B6110050D65C /* Base */ = {isa = PBXFileReference; lastKnownFileType = file.storyboard; name = Base; path = Base.lproj/Main.storyboard; sourceTree = "<group>"; };
		14A90EBE2059B6110050D65C /* Assets.xcassets */ = {isa = PBXFileReference; lastKnownFileType = folder.assetcatalog; path = Assets.xcassets; sourceTree = "<group>"; };
		14A90EC12059B6110050D65C /* Base */ = {isa = PBXFileReference; lastKnownFileType = file.storyboard; name = Base; path = Base.lproj/LaunchScreen.storyboard; sourceTree = "<group>"; };
		14A90EC32059B6110050D65C /* Info.plist */ = {isa = PBXFileReference; lastKnownFileType = text.plist.xml; path = Info.plist; sourceTree = "<group>"; };
		14F9CFE1205D447B0019FF9F /* Item.swift */ = {isa = PBXFileReference; lastKnownFileType = sourcecode.swift; path = Item.swift; sourceTree = "<group>"; };
/* End PBXFileReference section */

/* Begin PBXFrameworksBuildPhase section */
		14A90EB12059B6110050D65C /* Frameworks */ = {
			isa = PBXFrameworksBuildPhase;
			buildActionMask = 2147483647;
			files = (
			);
			runOnlyForDeploymentPostprocessing = 0;
		};
/* End PBXFrameworksBuildPhase section */

/* Begin PBXGroup section */
		14A90EAB2059B6110050D65C = {
			isa = PBXGroup;
			children = (
				14A90EB62059B6110050D65C /* Todoey */,
				14A90EB52059B6110050D65C /* Products */,
			);
			sourceTree = "<group>";
		};
		14A90EB52059B6110050D65C /* Products */ = {
			isa = PBXGroup;
			children = (
				14A90EB42059B6110050D65C /* Todoey.app */,
			);
			name = Products;
			sourceTree = "<group>";
		};
		14A90EB62059B6110050D65C /* Todoey */ = {
			isa = PBXGroup;
			children = (
				14A90EB72059B6110050D65C /* AppDelegate.swift */,
				14F9CFE5205D45060019FF9F /* Controllers */,
				14F9CFE4205D44F40019FF9F /* Data Model */,
				14F9CFE6205D45220019FF9F /* Views */,
				14F9CFE7205D453B0019FF9F /* Supporting Files */,
				14A90EC32059B6110050D65C /* Info.plist */,
			);
			path = Todoey;
			sourceTree = "<group>";
		};
		14F9CFE4205D44F40019FF9F /* Data Model */ = {
			isa = PBXGroup;
			children = (
				14F9CFE1205D447B0019FF9F /* Item.swift */,
			);
			path = "Data Model";
			sourceTree = "<group>";
		};
		14F9CFE5205D45060019FF9F /* Controllers */ = {
			isa = PBXGroup;
			children = (
				14A90EB92059B6110050D65C /* TodoListViewController.swift */,
			);
			path = Controllers;
			sourceTree = "<group>";
		};
		14F9CFE6205D45220019FF9F /* Views */ = {
			isa = PBXGroup;
			children = (
				14A90EBB2059B6110050D65C /* Main.storyboard */,
			);
			path = Views;
			sourceTree = "<group>";
		};
		14F9CFE7205D453B0019FF9F /* Supporting Files */ = {
			isa = PBXGroup;
			children = (
				14A90EBE2059B6110050D65C /* Assets.xcassets */,
				14A90EC02059B6110050D65C /* LaunchScreen.storyboard */,
			);
			path = "Supporting Files";
			sourceTree = "<group>";
		};
/* End PBXGroup section */

/* Begin PBXNativeTarget section */
		14A90EB32059B6110050D65C /* Todoey */ = {
			isa = PBXNativeTarget;
			buildConfigurationList = 14A90EC62059B6110050D65C /* Build configuration list for PBXNativeTarget "Todoey" */;
			buildPhases = (
				14A90EB02059B6110050D65C /* Sources */,
				14A90EB12059B6110050D65C /* Frameworks */,
				14A90EB22059B6110050D65C /* Resources */,
			);
			buildRules = (
			);
			dependencies = (
			);
			name = Todoey;
			productName = Todoey;
			productReference = 14A90EB42059B6110050D65C /* Todoey.app */;
			productType = "com.apple.product-type.application";
		};
/* End PBXNativeTarget section */

/* Begin PBXProject section */
		14A90EAC2059B6110050D65C /* Project object */ = {
			isa = PBXProject;
			attributes = {
				LastSwiftUpdateCheck = 0920;
				LastUpgradeCheck = 0920;
				ORGANIZATIONNAME = "Even Lauvrak";
				TargetAttributes = {
					14A90EB32059B6110050D65C = {
						CreatedOnToolsVersion = 9.2;
						ProvisioningStyle = Automatic;
					};
				};
			};
			buildConfigurationList = 14A90EAF2059B6110050D65C /* Build configuration list for PBXProject "Todoey" */;
			compatibilityVersion = "Xcode 8.0";
			developmentRegion = en;
			hasScannedForEncodings = 0;
			knownRegions = (
				en,
				Base,
			);
			mainGroup = 14A90EAB2059B6110050D65C;
			productRefGroup = 14A90EB52059B6110050D65C /* Products */;
			projectDirPath = "";
			projectRoot = "";
			targets = (
				14A90EB32059B6110050D65C /* Todoey */,
			);
		};
/* End PBXProject section */

/* Begin PBXResourcesBuildPhase section */
		14A90EB22059B6110050D65C /* Resources */ = {
			isa = PBXResourcesBuildPhase;
			buildActionMask = 2147483647;
			files = (
				14A90EC22059B6110050D65C /* LaunchScreen.storyboard in Resources */,
				14A90EBF2059B6110050D65C /* Assets.xcassets in Resources */,
				14A90EBD2059B6110050D65C /* Main.storyboard in Resources */,
			);
			runOnlyForDeploymentPostprocessing = 0;
		};
/* End PBXResourcesBuildPhase section */

/* Begin PBXSourcesBuildPhase section */
		14A90EB02059B6110050D65C /* Sources */ = {
			isa = PBXSourcesBuildPhase;
			buildActionMask = 2147483647;
			files = (
				14A90EBA2059B6110050D65C /* TodoListViewController.swift in Sources */,
				14F9CFE2205D447B0019FF9F /* Item.swift in Sources */,
				14A90EB82059B6110050D65C /* AppDelegate.swift in Sources */,
			);
			runOnlyForDeploymentPostprocessing = 0;
		};
/* End PBXSourcesBuildPhase section */

/* Begin PBXVariantGroup section */
		14A90EBB2059B6110050D65C /* Main.storyboard */ = {
			isa = PBXVariantGroup;
			children = (
				14A90EBC2059B6110050D65C /* Base */,
			);
			name = Main.storyboard;
			sourceTree = "<group>";
		};
		14A90EC02059B6110050D65C /* LaunchScreen.storyboard */ = {
			isa = PBXVariantGroup;
			children = (
				14A90EC12059B6110050D65C /* Base */,
			);
			name = LaunchScreen.storyboard;
			sourceTree = "<group>";
		};
/* End PBXVariantGroup section */

/* Begin XCBuildConfiguration section */
		14A90EC42059B6110050D65C /* Debug */ = {
			isa = XCBuildConfiguration;
			buildSettings = {
				ALWAYS_SEARCH_USER_PATHS = NO;
				CLANG_ANALYZER_NONNULL = YES;
				CLANG_ANALYZER_NUMBER_OBJECT_CONVERSION = YES_AGGRESSIVE;
				CLANG_CXX_LANGUAGE_STANDARD = "gnu++14";
				CLANG_CXX_LIBRARY = "libc++";
				CLANG_ENABLE_MODULES = YES;
				CLANG_ENABLE_OBJC_ARC = YES;
				CLANG_WARN_BLOCK_CAPTURE_AUTORELEASING = YES;
				CLANG_WARN_BOOL_CONVERSION = YES;
				CLANG_WARN_COMMA = YES;
				CLANG_WARN_CONSTANT_CONVERSION = YES;
				CLANG_WARN_DIRECT_OBJC_ISA_USAGE = YES_ERROR;
				CLANG_WARN_DOCUMENTATION_COMMENTS = YES;
				CLANG_WARN_EMPTY_BODY = YES;
				CLANG_WARN_ENUM_CONVERSION = YES;
				CLANG_WARN_INFINITE_RECURSION = YES;
				CLANG_WARN_INT_CONVERSION = YES;
				CLANG_WARN_NON_LITERAL_NULL_CONVERSION = YES;
				CLANG_WARN_OBJC_LITERAL_CONVERSION = YES;
				CLANG_WARN_OBJC_ROOT_CLASS = YES_ERROR;
				CLANG_WARN_RANGE_LOOP_ANALYSIS = YES;
				CLANG_WARN_STRICT_PROTOTYPES = YES;
				CLANG_WARN_SUSPICIOUS_MOVE = YES;
				CLANG_WARN_UNGUARDED_AVAILABILITY = YES_AGGRESSIVE;
				CLANG_WARN_UNREACHABLE_CODE = YES;
				CLANG_WARN__DUPLICATE_METHOD_MATCH = YES;
				CODE_SIGN_IDENTITY = "iPhone Developer";
				COPY_PHASE_STRIP = NO;
				DEBUG_INFORMATION_FORMAT = dwarf;
				ENABLE_STRICT_OBJC_MSGSEND = YES;
				ENABLE_TESTABILITY = YES;
				GCC_C_LANGUAGE_STANDARD = gnu11;
				GCC_DYNAMIC_NO_PIC = NO;
				GCC_NO_COMMON_BLOCKS = YES;
				GCC_OPTIMIZATION_LEVEL = 0;
				GCC_PREPROCESSOR_DEFINITIONS = (
					"DEBUG=1",
					"$(inherited)",
				);
				GCC_WARN_64_TO_32_BIT_CONVERSION = YES;
				GCC_WARN_ABOUT_RETURN_TYPE = YES_ERROR;
				GCC_WARN_UNDECLARED_SELECTOR = YES;
				GCC_WARN_UNINITIALIZED_AUTOS = YES_AGGRESSIVE;
				GCC_WARN_UNUSED_FUNCTION = YES;
				GCC_WARN_UNUSED_VARIABLE = YES;
				IPHONEOS_DEPLOYMENT_TARGET = 11.2;
				MTL_ENABLE_DEBUG_INFO = YES;
				ONLY_ACTIVE_ARCH = YES;
				SDKROOT = iphoneos;
				SWIFT_ACTIVE_COMPILATION_CONDITIONS = DEBUG;
				SWIFT_OPTIMIZATION_LEVEL = "-Onone";
			};
			name = Debug;
		};
		14A90EC52059B6110050D65C /* Release */ = {
			isa = XCBuildConfiguration;
			buildSettings = {
				ALWAYS_SEARCH_USER_PATHS = NO;
				CLANG_ANALYZER_NONNULL = YES;
				CLANG_ANALYZER_NUMBER_OBJECT_CONVERSION = YES_AGGRESSIVE;
				CLANG_CXX_LANGUAGE_STANDARD = "gnu++14";
				CLANG_CXX_LIBRARY = "libc++";
				CLANG_ENABLE_MODULES = YES;
				CLANG_ENABLE_OBJC_ARC = YES;
				CLANG_WARN_BLOCK_CAPTURE_AUTORELEASING = YES;
				CLANG_WARN_BOOL_CONVERSION = YES;
				CLANG_WARN_COMMA = YES;
				CLANG_WARN_CONSTANT_CONVERSION = YES;
				CLANG_WARN_DIRECT_OBJC_ISA_USAGE = YES_ERROR;
				CLANG_WARN_DOCUMENTATION_COMMENTS = YES;
				CLANG_WARN_EMPTY_BODY = YES;
				CLANG_WARN_ENUM_CONVERSION = YES;
				CLANG_WARN_INFINITE_RECURSION = YES;
				CLANG_WARN_INT_CONVERSION = YES;
				CLANG_WARN_NON_LITERAL_NULL_CONVERSION = YES;
				CLANG_WARN_OBJC_LITERAL_CONVERSION = YES;
				CLANG_WARN_OBJC_ROOT_CLASS = YES_ERROR;
				CLANG_WARN_RANGE_LOOP_ANALYSIS = YES;
				CLANG_WARN_STRICT_PROTOTYPES = YES;
				CLANG_WARN_SUSPICIOUS_MOVE = YES;
				CLANG_WARN_UNGUARDED_AVAILABILITY = YES_AGGRESSIVE;
				CLANG_WARN_UNREACHABLE_CODE = YES;
				CLANG_WARN__DUPLICATE_METHOD_MATCH = YES;
				CODE_SIGN_IDENTITY = "iPhone Developer";
				COPY_PHASE_STRIP = NO;
				DEBUG_INFORMATION_FORMAT = "dwarf-with-dsym";
				ENABLE_NS_ASSERTIONS = NO;
				ENABLE_STRICT_OBJC_MSGSEND = YES;
				GCC_C_LANGUAGE_STANDARD = gnu11;
				GCC_NO_COMMON_BLOCKS = YES;
				GCC_WARN_64_TO_32_BIT_CONVERSION = YES;
				GCC_WARN_ABOUT_RETURN_TYPE = YES_ERROR;
				GCC_WARN_UNDECLARED_SELECTOR = YES;
				GCC_WARN_UNINITIALIZED_AUTOS = YES_AGGRESSIVE;
				GCC_WARN_UNUSED_FUNCTION = YES;
				GCC_WARN_UNUSED_VARIABLE = YES;
				IPHONEOS_DEPLOYMENT_TARGET = 11.2;
				MTL_ENABLE_DEBUG_INFO = NO;
				SDKROOT = iphoneos;
				SWIFT_OPTIMIZATION_LEVEL = "-Owholemodule";
				VALIDATE_PRODUCT = YES;
			};
			name = Release;
		};
		14A90EC72059B6110050D65C /* Debug */ = {
			isa = XCBuildConfiguration;
			buildSettings = {
				ASSETCATALOG_COMPILER_APPICON_NAME = AppIcon;
				CODE_SIGN_STYLE = Automatic;
				DEVELOPMENT_TEAM = DM8RLZQV2M;
				INFOPLIST_FILE = Todoey/Info.plist;
				LD_RUNPATH_SEARCH_PATHS = "$(inherited) @executable_path/Frameworks";
				PRODUCT_BUNDLE_IDENTIFIER = com.evenlauvrak.Todoey;
				PRODUCT_NAME = "$(TARGET_NAME)";
				SWIFT_VERSION = 4.0;
				TARGETED_DEVICE_FAMILY = "1,2";
			};
			name = Debug;
		};
		14A90EC82059B6110050D65C /* Release */ = {
			isa = XCBuildConfiguration;
			buildSettings = {
				ASSETCATALOG_COMPILER_APPICON_NAME = AppIcon;
				CODE_SIGN_STYLE = Automatic;
				DEVELOPMENT_TEAM = DM8RLZQV2M;
				INFOPLIST_FILE = Todoey/Info.plist;
				LD_RUNPATH_SEARCH_PATHS = "$(inherited) @executable_path/Frameworks";
				PRODUCT_BUNDLE_IDENTIFIER = com.evenlauvrak.Todoey;
				PRODUCT_NAME = "$(TARGET_NAME)";
				SWIFT_VERSION = 4.0;
				TARGETED_DEVICE_FAMILY = "1,2";
			};
			name = Release;
		};
/* End XCBuildConfiguration section */

/* Begin XCConfigurationList section */
		14A90EAF2059B6110050D65C /* Build configuration list for PBXProject "Todoey" */ = {
			isa = XCConfigurationList;
			buildConfigurations = (
				14A90EC42059B6110050D65C /* Debug */,
				14A90EC52059B6110050D65C /* Release */,
			);
			defaultConfigurationIsVisible = 0;
			defaultConfigurationName = Release;
		};
		14A90EC62059B6110050D65C /* Build configuration list for PBXNativeTarget "Todoey" */ = {
			isa = XCConfigurationList;
			buildConfigurations = (
				14A90EC72059B6110050D65C /* Debug */,
				14A90EC82059B6110050D65C /* Release */,
			);
			defaultConfigurationIsVisible = 0;
			defaultConfigurationName = Release;
		};
/* End XCConfigurationList section */
	};
	rootObject = 14A90EAC2059B6110050D65C /* Project object */;
}
